{
  "originHash" : "196e013b5878f23674e1a76809cd14a27c6a59755eb2073b00e4b6ef5ae8e774",
  "pins" : [
    {
      "identity" : "locks",
      "kind" : "remoteSourceControl",
      "location" : "https://github.com/adamwulf/Locks",
      "state" : {
        "branch" : "main",
        "revision" : "e5c133845f3ad1a890a8823374c2694f969884e2"
      }
    },
    {
      "identity" : "swift-log",
      "kind" : "remoteSourceControl",
      "location" : "https://github.com/apple/swift-log.git",
      "state" : {
        "revision" : "9cb486020ebf03bfa5b5df985387a14a98744537",
        "version" : "1.6.1"
      }
    }
  ],
  "version" : 3
}
